
Microsoft Visual Studio Solution File, Format Version 12.00
# Visual Studio Version 17
VisualStudioVersion = 17.14.37012.4 d17.14
MinimumVisualStudioVersion = 10.0.40219.1
Project("{FAE04EC0-301F-11D3-BF4B-00C04F79EFBC}") = "OnlineCourseWebsite", "OnlineCourseWebsite.csproj", "{4995B828-CEB0-4E97-A36A-2BE5C592F631}"
EndProject
Global
	GlobalSection(SolutionConfigurationPlatforms) = preSolution
		Debug|Any CPU = Debug|Any CPU
		Release|Any CPU = Release|Any CPU
	EndGlobalSection
	GlobalSection(ProjectConfigurationPlatforms) = postSolution
		{4995B828-CEB0-4E97-A36A-2BE5C592F631}.Debug|Any CPU.ActiveCfg = Debug|Any CPU
		{4995B828-CEB0-4E97-A36A-2BE5C592F631}.Debug|Any CPU.Build.0 = Debug|Any CPU
		{4995B828-CEB0-4E97-A36A-2BE5C592F631}.Release|Any CPU.ActiveCfg = Release|Any CPU
		{4995B828-CEB0-4E97-A36A-2BE5C592F631}.Release|Any CPU.Build.0 = Release|Any CPU
	EndGlobalSection
	GlobalSection(SolutionProperties) = preSolution
		HideSolutionNode = FALSE
	EndGlobalSection
	GlobalSection(ExtensibilityGlobals) = postSolution
		SolutionGuid = {A12E180D-728C-4603-8767-36FBA3852D58}
	EndGlobalSection
EndGlobal
